
Microsoft Visual Studio Solution File, Format Version 12.00
# Visual Studio Version 17
VisualStudioVersion = 17.3.32901.215
MinimumVisualStudioVersion = 10.0.40219.1
Project("{FAE04EC0-301F-11D3-BF4B-00C04F79EFBC}") = "ArraysStruggles", "ArraysStruggles\ArraysStruggles.csproj", "{046C4573-3A48-45D3-8F74-26277F509C10}"
EndProject
Global
	GlobalSection(SolutionConfigurationPlatforms) = preSolution
		Debug|Any CPU = Debug|Any CPU
		Release|Any CPU = Release|Any CPU
	EndGlobalSection
	GlobalSection(ProjectConfigurationPlatforms) = postSolution
		{046C4573-3A48-45D3-8F74-26277F509C10}.Debug|Any CPU.ActiveCfg = Debug|Any CPU
		{046C4573-3A48-45D3-8F74-26277F509C10}.Debug|Any CPU.Build.0 = Debug|Any CPU
		{046C4573-3A48-45D3-8F74-26277F509C10}.Release|Any CPU.ActiveCfg = Release|Any CPU
		{046C4573-3A48-45D3-8F74-26277F509C10}.Release|Any CPU.Build.0 = Release|Any CPU
	EndGlobalSection
	GlobalSection(SolutionProperties) = preSolution
		HideSolutionNode = FALSE
	EndGlobalSection
	GlobalSection(ExtensibilityGlobals) = postSolution
		SolutionGuid = {EB7C997C-4DD8-439E-971A-2BCC7905259E}
	EndGlobalSection
EndGlobal
